// !$*UTF8*$!
{
	archiveVersion = 1;
	classes = {
	};
	objectVersion = 55;
	objects = {

/* Begin PBXBuildFile section */
		B23AF74E28A9B56A002064F6 /* AppDelegate.swift in Sources */ = {isa = PBXBuildFile; fileRef = B23AF74D28A9B56A002064F6 /* AppDelegate.swift */; };
		B23AF75028A9B56A002064F6 /* SceneDelegate.swift in Sources */ = {isa = PBXBuildFile; fileRef = B23AF74F28A9B56A002064F6 /* SceneDelegate.swift */; };
		B23AF75228A9B56A002064F6 /* ViewController.swift in Sources */ = {isa = PBXBuildFile; fileRef = B23AF75128A9B56A002064F6 /* ViewController.swift */; };
		B23AF75528A9B56A002064F6 /* Main.storyboard in Resources */ = {isa = PBXBuildFile; fileRef = B23AF75328A9B56A002064F6 /* Main.storyboard */; };
		B23AF75828A9B56A002064F6 /* reader_book.xcdatamodeld in Sources */ = {isa = PBXBuildFile; fileRef = B23AF75628A9B56A002064F6 /* reader_book.xcdatamodeld */; };
		B23AF75A28A9B56C002064F6 /* Assets.xcassets in Resources */ = {isa = PBXBuildFile; fileRef = B23AF75928A9B56C002064F6 /* Assets.xcassets */; };
		B23AF75D28A9B56C002064F6 /* LaunchScreen.storyboard in Resources */ = {isa = PBXBuildFile; fileRef = B23AF75B28A9B56C002064F6 /* LaunchScreen.storyboard */; };
		B23AF76828A9B56C002064F6 /* reader_bookTests.swift in Sources */ = {isa = PBXBuildFile; fileRef = B23AF76728A9B56C002064F6 /* reader_bookTests.swift */; };
		B23AF77228A9B56C002064F6 /* reader_bookUITests.swift in Sources */ = {isa = PBXBuildFile; fileRef = B23AF77128A9B56C002064F6 /* reader_bookUITests.swift */; };
		B23AF77428A9B56C002064F6 /* reader_bookUITestsLaunchTests.swift in Sources */ = {isa = PBXBuildFile; fileRef = B23AF77328A9B56C002064F6 /* reader_bookUITestsLaunchTests.swift */; };
/* End PBXBuildFile section */

/* Begin PBXContainerItemProxy section */
		B23AF76428A9B56C002064F6 /* PBXContainerItemProxy */ = {
			isa = PBXContainerItemProxy;
			containerPortal = B23AF74228A9B56A002064F6 /* Project object */;
			proxyType = 1;
			remoteGlobalIDString = B23AF74928A9B56A002064F6;
			remoteInfo = "reader-book";
		};
		B23AF76E28A9B56C002064F6 /* PBXContainerItemProxy */ = {
			isa = PBXContainerItemProxy;
			containerPortal = B23AF74228A9B56A002064F6 /* Project object */;
			proxyType = 1;
			remoteGlobalIDString = B23AF74928A9B56A002064F6;
			remoteInfo = "reader-book";
		};
/* End PBXContainerItemProxy section */

/* Begin PBXFileReference section */
		B23AF74A28A9B56A002064F6 /* reader-book.app */ = {isa = PBXFileReference; explicitFileType = wrapper.application; includeInIndex = 0; path = "reader-book.app"; sourceTree = BUILT_PRODUCTS_DIR; };
		B23AF74D28A9B56A002064F6 /* AppDelegate.swift */ = {isa = PBXFileReference; lastKnownFileType = sourcecode.swift; path = AppDelegate.swift; sourceTree = "<group>"; };
		B23AF74F28A9B56A002064F6 /* SceneDelegate.swift */ = {isa = PBXFileReference; lastKnownFileType = sourcecode.swift; path = SceneDelegate.swift; sourceTree = "<group>"; };
		B23AF75128A9B56A002064F6 /* ViewController.swift */ = {isa = PBXFileReference; lastKnownFileType = sourcecode.swift; path = ViewController.swift; sourceTree = "<group>"; };
		B23AF75428A9B56A002064F6 /* Base */ = {isa = PBXFileReference; lastKnownFileType = file.storyboard; name = Base; path = Base.lproj/Main.storyboard; sourceTree = "<group>"; };
		B23AF75728A9B56A002064F6 /* reader_book.xcdatamodel */ = {isa = PBXFileReference; lastKnownFileType = wrapper.xcdatamodel; path = reader_book.xcdatamodel; sourceTree = "<group>"; };
		B23AF75928A9B56C002064F6 /* Assets.xcassets */ = {isa = PBXFileReference; lastKnownFileType = folder.assetcatalog; path = Assets.xcassets; sourceTree = "<group>"; };
		B23AF75C28A9B56C002064F6 /* Base */ = {isa = PBXFileReference; lastKnownFileType = file.storyboard; name = Base; path = Base.lproj/LaunchScreen.storyboard; sourceTree = "<group>"; };
		B23AF75E28A9B56C002064F6 /* Info.plist */ = {isa = PBXFileReference; lastKnownFileType = text.plist.xml; path = Info.plist; sourceTree = "<group>"; };
		B23AF76328A9B56C002064F6 /* reader-bookTests.xctest */ = {isa = PBXFileReference; explicitFileType = wrapper.cfbundle; includeInIndex = 0; path = "reader-bookTests.xctest"; sourceTree = BUILT_PRODUCTS_DIR; };
		B23AF76728A9B56C002064F6 /* reader_bookTests.swift */ = {isa = PBXFileReference; lastKnownFileType = sourcecode.swift; path = reader_bookTests.swift; sourceTree = "<group>"; };
		B23AF76D28A9B56C002064F6 /* reader-bookUITests.xctest */ = {isa = PBXFileReference; explicitFileType = wrapper.cfbundle; includeInIndex = 0; path = "reader-bookUITests.xctest"; sourceTree = BUILT_PRODUCTS_DIR; };
		B23AF77128A9B56C002064F6 /* reader_bookUITests.swift */ = {isa = PBXFileReference; lastKnownFileType = sourcecode.swift; path = reader_bookUITests.swift; sourceTree = "<group>"; };
		B23AF77328A9B56C002064F6 /* reader_bookUITestsLaunchTests.swift */ = {isa = PBXFileReference; lastKnownFileType = sourcecode.swift; path = reader_bookUITestsLaunchTests.swift; sourceTree = "<group>"; };
/* End PBXFileReference section */

/* Begin PBXFrameworksBuildPhase section */
		B23AF74728A9B56A002064F6 /* Frameworks */ = {
			isa = PBXFrameworksBuildPhase;
			buildActionMask = 2147483647;
			files = (
			);
			runOnlyForDeploymentPostprocessing = 0;
		};
		B23AF76028A9B56C002064F6 /* Frameworks */ = {
			isa = PBXFrameworksBuildPhase;
			buildActionMask = 2147483647;
			files = (
			);
			runOnlyForDeploymentPostprocessing = 0;
		};
		B23AF76A28A9B56C002064F6 /* Frameworks */ = {
			isa = PBXFrameworksBuildPhase;
			buildActionMask = 2147483647;
			files = (
			);
			runOnlyForDeploymentPostprocessing = 0;
		};
/* End PBXFrameworksBuildPhase section */

/* Begin PBXGroup section */
		B23AF74128A9B56A002064F6 = {
			isa = PBXGroup;
			children = (
				B23AF74C28A9B56A002064F6 /* reader-book */,
				B23AF76628A9B56C002064F6 /* reader-bookTests */,
				B23AF77028A9B56C002064F6 /* reader-bookUITests */,
				B23AF74B28A9B56A002064F6 /* Products */,
			);
			sourceTree = "<group>";
		};
		B23AF74B28A9B56A002064F6 /* Products */ = {
			isa = PBXGroup;
			children = (
				B23AF74A28A9B56A002064F6 /* reader-book.app */,
				B23AF76328A9B56C002064F6 /* reader-bookTests.xctest */,
				B23AF76D28A9B56C002064F6 /* reader-bookUITests.xctest */,
			);
			name = Products;
			sourceTree = "<group>";
		};
		B23AF74C28A9B56A002064F6 /* reader-book */ = {
			isa = PBXGroup;
			children = (
				B23AF74D28A9B56A002064F6 /* AppDelegate.swift */,
				B23AF74F28A9B56A002064F6 /* SceneDelegate.swift */,
				B23AF75128A9B56A002064F6 /* ViewController.swift */,
				B23AF75328A9B56A002064F6 /* Main.storyboard */,
				B23AF75928A9B56C002064F6 /* Assets.xcassets */,
				B23AF75B28A9B56C002064F6 /* LaunchScreen.storyboard */,
				B23AF75E28A9B56C002064F6 /* Info.plist */,
				B23AF75628A9B56A002064F6 /* reader_book.xcdatamodeld */,
			);
			path = "reader-book";
			sourceTree = "<group>";
		};
		B23AF76628A9B56C002064F6 /* reader-bookTests */ = {
			isa = PBXGroup;
			children = (
				B23AF76728A9B56C002064F6 /* reader_bookTests.swift */,
			);
			path = "reader-bookTests";
			sourceTree = "<group>";
		};
		B23AF77028A9B56C002064F6 /* reader-bookUITests */ = {
			isa = PBXGroup;
			children = (
				B23AF77128A9B56C002064F6 /* reader_bookUITests.swift */,
				B23AF77328A9B56C002064F6 /* reader_bookUITestsLaunchTests.swift */,
			);
			path = "reader-bookUITests";
			sourceTree = "<group>";
		};
/* End PBXGroup section */

/* Begin PBXNativeTarget section */
		B23AF74928A9B56A002064F6 /* reader-book */ = {
			isa = PBXNativeTarget;
			buildConfigurationList = B23AF77728A9B56C002064F6 /* Build configuration list for PBXNativeTarget "reader-book" */;
			buildPhases = (
				B23AF74628A9B56A002064F6 /* Sources */,
				B23AF74728A9B56A002064F6 /* Frameworks */,
				B23AF74828A9B56A002064F6 /* Resources */,
			);
			buildRules = (
			);
			dependencies = (
			);
			name = "reader-book";
			productName = "reader-book";
			productReference = B23AF74A28A9B56A002064F6 /* reader-book.app */;
			productType = "com.apple.product-type.application";
		};
		B23AF76228A9B56C002064F6 /* reader-bookTests */ = {
			isa = PBXNativeTarget;
			buildConfigurationList = B23AF77A28A9B56C002064F6 /* Build configuration list for PBXNativeTarget "reader-bookTests" */;
			buildPhases = (
				B23AF75F28A9B56C002064F6 /* Sources */,
				B23AF76028A9B56C002064F6 /* Frameworks */,
				B23AF76128A9B56C002064F6 /* Resources */,
			);
			buildRules = (
			);
			dependencies = (
				B23AF76528A9B56C002064F6 /* PBXTargetDependency */,
			);
			name = "reader-bookTests";
			productName = "reader-bookTests";
			productReference = B23AF76328A9B56C002064F6 /* reader-bookTests.xctest */;
			productType = "com.apple.product-type.bundle.unit-test";
		};
		B23AF76C28A9B56C002064F6 /* reader-bookUITests */ = {
			isa = PBXNativeTarget;
			buildConfigurationList = B23AF77D28A9B56C002064F6 /* Build configuration list for PBXNativeTarget "reader-bookUITests" */;
			buildPhases = (
				B23AF76928A9B56C002064F6 /* Sources */,
				B23AF76A28A9B56C002064F6 /* Frameworks */,
				B23AF76B28A9B56C002064F6 /* Resources */,
			);
			buildRules = (
			);
			dependencies = (
				B23AF76F28A9B56C002064F6 /* PBXTargetDependency */,
			);
			name = "reader-bookUITests";
			productName = "reader-bookUITests";
			productReference = B23AF76D28A9B56C002064F6 /* reader-bookUITests.xctest */;
			productType = "com.apple.product-type.bundle.ui-testing";
		};
/* End PBXNativeTarget section */

/* Begin PBXProject section */
		B23AF74228A9B56A002064F6 /* Project object */ = {
			isa = PBXProject;
			attributes = {
				BuildIndependentTargetsInParallel = 1;
				LastSwiftUpdateCheck = 1340;
				LastUpgradeCheck = 1340;
				TargetAttributes = {
					B23AF74928A9B56A002064F6 = {
						CreatedOnToolsVersion = 13.4.1;
					};
					B23AF76228A9B56C002064F6 = {
						CreatedOnToolsVersion = 13.4.1;
						TestTargetID = B23AF74928A9B56A002064F6;
					};
					B23AF76C28A9B56C002064F6 = {
						CreatedOnToolsVersion = 13.4.1;
						TestTargetID = B23AF74928A9B56A002064F6;
					};
				};
			};
			buildConfigurationList = B23AF74528A9B56A002064F6 /* Build configuration list for PBXProject "reader-book" */;
			compatibilityVersion = "Xcode 13.0";
			developmentRegion = en;
			hasScannedForEncodings = 0;
			knownRegions = (
				en,
				Base,
			);
			mainGroup = B23AF74128A9B56A002064F6;
			productRefGroup = B23AF74B28A9B56A002064F6 /* Products */;
			projectDirPath = "";
			projectRoot = "";
			targets = (
				B23AF74928A9B56A002064F6 /* reader-book */,
				B23AF76228A9B56C002064F6 /* reader-bookTests */,
				B23AF76C28A9B56C002064F6 /* reader-bookUITests */,
			);
		};
/* End PBXProject section */

/* Begin PBXResourcesBuildPhase section */
		B23AF74828A9B56A002064F6 /* Resources */ = {
			isa = PBXResourcesBuildPhase;
			buildActionMask = 2147483647;
			files = (
				B23AF75D28A9B56C002064F6 /* LaunchScreen.storyboard in Resources */,
				B23AF75A28A9B56C002064F6 /* Assets.xcassets in Resources */,
				B23AF75528A9B56A002064F6 /* Main.storyboard in Resources */,
			);
			runOnlyForDeploymentPostprocessing = 0;
		};
		B23AF76128A9B56C002064F6 /* Resources */ = {
			isa = PBXResourcesBuildPhase;
			buildActionMask = 2147483647;
			files = (
			);
			runOnlyForDeploymentPostprocessing = 0;
		};
		B23AF76B28A9B56C002064F6 /* Resources */ = {
			isa = PBXResourcesBuildPhase;
			buildActionMask = 2147483647;
			files = (
			);
			runOnlyForDeploymentPostprocessing = 0;
		};
/* End PBXResourcesBuildPhase section */

/* Begin PBXSourcesBuildPhase section */
		B23AF74628A9B56A002064F6 /* Sources */ = {
			isa = PBXSourcesBuildPhase;
			buildActionMask = 2147483647;
			files = (
				B23AF75228A9B56A002064F6 /* ViewController.swift in Sources */,
				B23AF75828A9B56A002064F6 /* reader_book.xcdatamodeld in Sources */,
				B23AF74E28A9B56A002064F6 /* AppDelegate.swift in Sources */,
				B23AF75028A9B56A002064F6 /* SceneDelegate.swift in Sources */,
			);
			runOnlyForDeploymentPostprocessing = 0;
		};
		B23AF75F28A9B56C002064F6 /* Sources */ = {
			isa = PBXSourcesBuildPhase;
			buildActionMask = 2147483647;
			files = (
				B23AF76828A9B56C002064F6 /* reader_bookTests.swift in Sources */,
			);
			runOnlyForDeploymentPostprocessing = 0;
		};
		B23AF76928A9B56C002064F6 /* Sources */ = {
			isa = PBXSourcesBuildPhase;
			buildActionMask = 2147483647;
			files = (
				B23AF77428A9B56C002064F6 /* reader_bookUITestsLaunchTests.swift in Sources */,
				B23AF77228A9B56C002064F6 /* reader_bookUITests.swift in Sources */,
			);
			runOnlyForDeploymentPostprocessing = 0;
		};
/* End PBXSourcesBuildPhase section */

/* Begin PBXTargetDependency section */
		B23AF76528A9B56C002064F6 /* PBXTargetDependency */ = {
			isa = PBXTargetDependency;
			target = B23AF74928A9B56A002064F6 /* reader-book */;
			targetProxy = B23AF76428A9B56C002064F6 /* PBXContainerItemProxy */;
		};
		B23AF76F28A9B56C002064F6 /* PBXTargetDependency */ = {
			isa = PBXTargetDependency;
			target = B23AF74928A9B56A002064F6 /* reader-book */;
			targetProxy = B23AF76E28A9B56C002064F6 /* PBXContainerItemProxy */;
		};
/* End PBXTargetDependency section */

/* Begin PBXVariantGroup section */
		B23AF75328A9B56A002064F6 /* Main.storyboard */ = {
			isa = PBXVariantGroup;
			children = (
				B23AF75428A9B56A002064F6 /* Base */,
			);
			name = Main.storyboard;
			sourceTree = "<group>";
		};
		B23AF75B28A9B56C002064F6 /* LaunchScreen.storyboard */ = {
			isa = PBXVariantGroup;
			children = (
				B23AF75C28A9B56C002064F6 /* Base */,
			);
			name = LaunchScreen.storyboard;
			sourceTree = "<group>";
		};
/* End PBXVariantGroup section */

/* Begin XCBuildConfiguration section */
		B23AF77528A9B56C002064F6 /* Debug */ = {
			isa = XCBuildConfiguration;
			buildSettings = {
				ALWAYS_SEARCH_USER_PATHS = NO;
				CLANG_ANALYZER_NONNULL = YES;
				CLANG_ANALYZER_NUMBER_OBJECT_CONVERSION = YES_AGGRESSIVE;
				CLANG_CXX_LANGUAGE_STANDARD = "gnu++17";
				CLANG_ENABLE_MODULES = YES;
				CLANG_ENABLE_OBJC_ARC = YES;
				CLANG_ENABLE_OBJC_WEAK = YES;
				CLANG_WARN_BLOCK_CAPTURE_AUTORELEASING = YES;
				CLANG_WARN_BOOL_CONVERSION = YES;
				CLANG_WARN_COMMA = YES;
				CLANG_WARN_CONSTANT_CONVERSION = YES;
				CLANG_WARN_DEPRECATED_OBJC_IMPLEMENTATIONS = YES;
				CLANG_WARN_DIRECT_OBJC_ISA_USAGE = YES_ERROR;
				CLANG_WARN_DOCUMENTATION_COMMENTS = YES;
				CLANG_WARN_EMPTY_BODY = YES;
				CLANG_WARN_ENUM_CONVERSION = YES;
				CLANG_WARN_INFINITE_RECURSION = YES;
				CLANG_WARN_INT_CONVERSION = YES;
				CLANG_WARN_NON_LITERAL_NULL_CONVERSION = YES;
				CLANG_WARN_OBJC_IMPLICIT_RETAIN_SELF = YES;
				CLANG_WARN_OBJC_LITERAL_CONVERSION = YES;
				CLANG_WARN_OBJC_ROOT_CLASS = YES_ERROR;
				CLANG_WARN_QUOTED_INCLUDE_IN_FRAMEWORK_HEADER = YES;
				CLANG_WARN_RANGE_LOOP_ANALYSIS = YES;
				CLANG_WARN_STRICT_PROTOTYPES = YES;
				CLANG_WARN_SUSPICIOUS_MOVE = YES;
				CLANG_WARN_UNGUARDED_AVAILABILITY = YES_AGGRESSIVE;
				CLANG_WARN_UNREACHABLE_CODE = YES;
				CLANG_WARN__DUPLICATE_METHOD_MATCH = YES;
				COPY_PHASE_STRIP = NO;
				DEBUG_INFORMATION_FORMAT = dwarf;
				ENABLE_STRICT_OBJC_MSGSEND = YES;
				ENABLE_TESTABILITY = YES;
				GCC_C_LANGUAGE_STANDARD = gnu11;
				GCC_DYNAMIC_NO_PIC = NO;
				GCC_NO_COMMON_BLOCKS = YES;
				GCC_OPTIMIZATION_LEVEL = 0;
				GCC_PREPROCESSOR_DEFINITIONS = (
					"DEBUG=1",
					"$(inherited)",
				);
				GCC_WARN_64_TO_32_BIT_CONVERSION = YES;
				GCC_WARN_ABOUT_RETURN_TYPE = YES_ERROR;
				GCC_WARN_UNDECLARED_SELECTOR = YES;
				GCC_WARN_UNINITIALIZED_AUTOS = YES_AGGRESSIVE;
				GCC_WARN_UNUSED_FUNCTION = YES;
				GCC_WARN_UNUSED_VARIABLE = YES;
				IPHONEOS_DEPLOYMENT_TARGET = 15.5;
				MTL_ENABLE_DEBUG_INFO = INCLUDE_SOURCE;
				MTL_FAST_MATH = YES;
				ONLY_ACTIVE_ARCH = YES;
				SDKROOT = iphoneos;
				SWIFT_ACTIVE_COMPILATION_CONDITIONS = DEBUG;
				SWIFT_OPTIMIZATION_LEVEL = "-Onone";
			};
			name = Debug;
		};
		B23AF77628A9B56C002064F6 /* Release */ = {
			isa = XCBuildConfiguration;
			buildSettings = {
				ALWAYS_SEARCH_USER_PATHS = NO;
				CLANG_ANALYZER_NONNULL = YES;
				CLANG_ANALYZER_NUMBER_OBJECT_CONVERSION = YES_AGGRESSIVE;
				CLANG_CXX_LANGUAGE_STANDARD = "gnu++17";
				CLANG_ENABLE_MODULES = YES;
				CLANG_ENABLE_OBJC_ARC = YES;
				CLANG_ENABLE_OBJC_WEAK = YES;
				CLANG_WARN_BLOCK_CAPTURE_AUTORELEASING = YES;
				CLANG_WARN_BOOL_CONVERSION = YES;
				CLANG_WARN_COMMA = YES;
				CLANG_WARN_CONSTANT_CONVERSION = YES;
				CLANG_WARN_DEPRECATED_OBJC_IMPLEMENTATIONS = YES;
				CLANG_WARN_DIRECT_OBJC_ISA_USAGE = YES_ERROR;
				CLANG_WARN_DOCUMENTATION_COMMENTS = YES;
				CLANG_WARN_EMPTY_BODY = YES;
				CLANG_WARN_ENUM_CONVERSION = YES;
				CLANG_WARN_INFINITE_RECURSION = YES;
				CLANG_WARN_INT_CONVERSION = YES;
				CLANG_WARN_NON_LITERAL_NULL_CONVERSION = YES;
				CLANG_WARN_OBJC_IMPLICIT_RETAIN_SELF = YES;
				CLANG_WARN_OBJC_LITERAL_CONVERSION = YES;
				CLANG_WARN_OBJC_ROOT_CLASS = YES_ERROR;
				CLANG_WARN_QUOTED_INCLUDE_IN_FRAMEWORK_HEADER = YES;
				CLANG_WARN_RANGE_LOOP_ANALYSIS = YES;
				CLANG_WARN_STRICT_PROTOTYPES = YES;
				CLANG_WARN_SUSPICIOUS_MOVE = YES;
				CLANG_WARN_UNGUARDED_AVAILABILITY = YES_AGGRESSIVE;
				CLANG_WARN_UNREACHABLE_CODE = YES;
				CLANG_WARN__DUPLICATE_METHOD_MATCH = YES;
				COPY_PHASE_STRIP = NO;
				DEBUG_INFORMATION_FORMAT = "dwarf-with-dsym";
				ENABLE_NS_ASSERTIONS = NO;
				ENABLE_STRICT_OBJC_MSGSEND = YES;
				GCC_C_LANGUAGE_STANDARD = gnu11;
				GCC_NO_COMMON_BLOCKS = YES;
				GCC_WARN_64_TO_32_BIT_CONVERSION = YES;
				GCC_WARN_ABOUT_RETURN_TYPE = YES_ERROR;
				GCC_WARN_UNDECLARED_SELECTOR = YES;
				GCC_WARN_UNINITIALIZED_AUTOS = YES_AGGRESSIVE;
				GCC_WARN_UNUSED_FUNCTION = YES;
				GCC_WARN_UNUSED_VARIABLE = YES;
				IPHONEOS_DEPLOYMENT_TARGET = 15.5;
				MTL_ENABLE_DEBUG_INFO = NO;
				MTL_FAST_MATH = YES;
				SDKROOT = iphoneos;
				SWIFT_COMPILATION_MODE = wholemodule;
				SWIFT_OPTIMIZATION_LEVEL = "-O";
				VALIDATE_PRODUCT = YES;
			};
			name = Release;
		};
		B23AF77828A9B56C002064F6 /* Debug */ = {
			isa = XCBuildConfiguration;
			buildSettings = {
				ASSETCATALOG_COMPILER_APPICON_NAME = AppIcon;
				ASSETCATALOG_COMPILER_GLOBAL_ACCENT_COLOR_NAME = AccentColor;
				CODE_SIGN_STYLE = Automatic;
				CURRENT_PROJECT_VERSION = 1;
				DEVELOPMENT_TEAM = B323VPLUB4;
				GENERATE_INFOPLIST_FILE = YES;
				INFOPLIST_FILE = "reader-book/Info.plist";
				INFOPLIST_KEY_UIApplicationSupportsIndirectInputEvents = YES;
				INFOPLIST_KEY_UILaunchStoryboardName = LaunchScreen;
				INFOPLIST_KEY_UIMainStoryboardFile = Main;
				INFOPLIST_KEY_UISupportedInterfaceOrientations_iPad = "UIInterfaceOrientationPortrait UIInterfaceOrientationPortraitUpsideDown UIInterfaceOrientationLandscapeLeft UIInterfaceOrientationLandscapeRight";
				INFOPLIST_KEY_UISupportedInterfaceOrientations_iPhone = "UIInterfaceOrientationPortrait UIInterfaceOrientationLandscapeLeft UIInterfaceOrientationLandscapeRight";
				LD_RUNPATH_SEARCH_PATHS = (
					"$(inherited)",
					"@executable_path/Frameworks",
				);
				MARKETING_VERSION = 1.0;
				PRODUCT_BUNDLE_IDENTIFIER = "br.com.mateuspadovani.app.reader-book";
				PRODUCT_NAME = "$(TARGET_NAME)";
				SWIFT_EMIT_LOC_STRINGS = YES;
				SWIFT_VERSION = 5.0;
				TARGETED_DEVICE_FAMILY = "1,2";
			};
			name = Debug;
		};
		B23AF77928A9B56C002064F6 /* Release */ = {
			isa = XCBuildConfiguration;
			buildSettings = {
				ASSETCATALOG_COMPILER_APPICON_NAME = AppIcon;
				ASSETCATALOG_COMPILER_GLOBAL_ACCENT_COLOR_NAME = AccentColor;
				CODE_SIGN_STYLE = Automatic;
				CURRENT_PROJECT_VERSION = 1;
				DEVELOPMENT_TEAM = B323VPLUB4;
				GENERATE_INFOPLIST_FILE = YES;
				INFOPLIST_FILE = "reader-book/Info.plist";
				INFOPLIST_KEY_UIApplicationSupportsIndirectInputEvents = YES;
				INFOPLIST_KEY_UILaunchStoryboardName = LaunchScreen;
				INFOPLIST_KEY_UIMainStoryboardFile = Main;
				INFOPLIST_KEY_UISupportedInterfaceOrientations_iPad = "UIInterfaceOrientationPortrait UIInterfaceOrientationPortraitUpsideDown UIInterfaceOrientationLandscapeLeft UIInterfaceOrientationLandscapeRight";
				INFOPLIST_KEY_UISupportedInterfaceOrientations_iPhone = "UIInterfaceOrientationPortrait UIInterfaceOrientationLandscapeLeft UIInterfaceOrientationLandscapeRight";
				LD_RUNPATH_SEARCH_PATHS = (
					"$(inherited)",
					"@executable_path/Frameworks",
				);
				MARKETING_VERSION = 1.0;
				PRODUCT_BUNDLE_IDENTIFIER = "br.com.mateuspadovani.app.reader-book";
				PRODUCT_NAME = "$(TARGET_NAME)";
				SWIFT_EMIT_LOC_STRINGS = YES;
				SWIFT_VERSION = 5.0;
				TARGETED_DEVICE_FAMILY = "1,2";
			};
			name = Release;
		};
		B23AF77B28A9B56C002064F6 /* Debug */ = {
			isa = XCBuildConfiguration;
			buildSettings = {
				ALWAYS_EMBED_SWIFT_STANDARD_LIBRARIES = YES;
				BUNDLE_LOADER = "$(TEST_HOST)";
				CODE_SIGN_STYLE = Automatic;
				CURRENT_PROJECT_VERSION = 1;
				DEVELOPMENT_TEAM = B323VPLUB4;
				GENERATE_INFOPLIST_FILE = YES;
				IPHONEOS_DEPLOYMENT_TARGET = 15.5;
				MARKETING_VERSION = 1.0;
				PRODUCT_BUNDLE_IDENTIFIER = "br.com.mateuspadovani.app.reader-bookTests";
				PRODUCT_NAME = "$(TARGET_NAME)";
				SWIFT_EMIT_LOC_STRINGS = NO;
				SWIFT_VERSION = 5.0;
				TARGETED_DEVICE_FAMILY = "1,2";
				TEST_HOST = "$(BUILT_PRODUCTS_DIR)/reader-book.app/reader-book";
			};
			name = Debug;
		};
		B23AF77C28A9B56C002064F6 /* Release */ = {
			isa = XCBuildConfiguration;
			buildSettings = {
				ALWAYS_EMBED_SWIFT_STANDARD_LIBRARIES = YES;
				BUNDLE_LOADER = "$(TEST_HOST)";
				CODE_SIGN_STYLE = Automatic;
				CURRENT_PROJECT_VERSION = 1;
				DEVELOPMENT_TEAM = B323VPLUB4;
				GENERATE_INFOPLIST_FILE = YES;
				IPHONEOS_DEPLOYMENT_TARGET = 15.5;
				MARKETING_VERSION = 1.0;
				PRODUCT_BUNDLE_IDENTIFIER = "br.com.mateuspadovani.app.reader-bookTests";
				PRODUCT_NAME = "$(TARGET_NAME)";
				SWIFT_EMIT_LOC_STRINGS = NO;
				SWIFT_VERSION = 5.0;
				TARGETED_DEVICE_FAMILY = "1,2";
				TEST_HOST = "$(BUILT_PRODUCTS_DIR)/reader-book.app/reader-book";
			};
			name = Release;
		};
		B23AF77E28A9B56C002064F6 /* Debug */ = {
			isa = XCBuildConfiguration;
			buildSettings = {
				ALWAYS_EMBED_SWIFT_STANDARD_LIBRARIES = YES;
				CODE_SIGN_STYLE = Automatic;
				CURRENT_PROJECT_VERSION = 1;
				DEVELOPMENT_TEAM = B323VPLUB4;
				GENERATE_INFOPLIST_FILE = YES;
				MARKETING_VERSION = 1.0;
				PRODUCT_BUNDLE_IDENTIFIER = "br.com.mateuspadovani.app.reader-bookUITests";
				PRODUCT_NAME = "$(TARGET_NAME)";
				SWIFT_EMIT_LOC_STRINGS = NO;
				SWIFT_VERSION = 5.0;
				TARGETED_DEVICE_FAMILY = "1,2";
				TEST_TARGET_NAME = "reader-book";
			};
			name = Debug;
		};
		B23AF77F28A9B56C002064F6 /* Release */ = {
			isa = XCBuildConfiguration;
			buildSettings = {
				ALWAYS_EMBED_SWIFT_STANDARD_LIBRARIES = YES;
				CODE_SIGN_STYLE = Automatic;
				CURRENT_PROJECT_VERSION = 1;
				DEVELOPMENT_TEAM = B323VPLUB4;
				GENERATE_INFOPLIST_FILE = YES;
				MARKETING_VERSION = 1.0;
				PRODUCT_BUNDLE_IDENTIFIER = "br.com.mateuspadovani.app.reader-bookUITests";
				PRODUCT_NAME = "$(TARGET_NAME)";
				SWIFT_EMIT_LOC_STRINGS = NO;
				SWIFT_VERSION = 5.0;
				TARGETED_DEVICE_FAMILY = "1,2";
				TEST_TARGET_NAME = "reader-book";
			};
			name = Release;
		};
/* End XCBuildConfiguration section */

/* Begin XCConfigurationList section */
		B23AF74528A9B56A002064F6 /* Build configuration list for PBXProject "reader-book" */ = {
			isa = XCConfigurationList;
			buildConfigurations = (
				B23AF77528A9B56C002064F6 /* Debug */,
				B23AF77628A9B56C002064F6 /* Release */,
			);
			defaultConfigurationIsVisible = 0;
			defaultConfigurationName = Release;
		};
		B23AF77728A9B56C002064F6 /* Build configuration list for PBXNativeTarget "reader-book" */ = {
			isa = XCConfigurationList;
			buildConfigurations = (
				B23AF77828A9B56C002064F6 /* Debug */,
				B23AF77928A9B56C002064F6 /* Release */,
			);
			defaultConfigurationIsVisible = 0;
			defaultConfigurationName = Release;
		};
		B23AF77A28A9B56C002064F6 /* Build configuration list for PBXNativeTarget "reader-bookTests" */ = {
			isa = XCConfigurationList;
			buildConfigurations = (
				B23AF77B28A9B56C002064F6 /* Debug */,
				B23AF77C28A9B56C002064F6 /* Release */,
			);
			defaultConfigurationIsVisible = 0;
			defaultConfigurationName = Release;
		};
		B23AF77D28A9B56C002064F6 /* Build configuration list for PBXNativeTarget "reader-bookUITests" */ = {
			isa = XCConfigurationList;
			buildConfigurations = (
				B23AF77E28A9B56C002064F6 /* Debug */,
				B23AF77F28A9B56C002064F6 /* Release */,
			);
			defaultConfigurationIsVisible = 0;
			defaultConfigurationName = Release;
		};
/* End XCConfigurationList section */

/* Begin XCVersionGroup section */
		B23AF75628A9B56A002064F6 /* reader_book.xcdatamodeld */ = {
			isa = XCVersionGroup;
			children = (
				B23AF75728A9B56A002064F6 /* reader_book.xcdatamodel */,
			);
			currentVersion = B23AF75728A9B56A002064F6 /* reader_book.xcdatamodel */;
			path = reader_book.xcdatamodeld;
			sourceTree = "<group>";
			versionGroupType = wrapper.xcdatamodel;
		};
/* End XCVersionGroup section */
	};
	rootObject = B23AF74228A9B56A002064F6 /* Project object */;
}
